Microsoft Visual Studio Solution File, Format Version 12.00
# Visual Studio Version 17
VisualStudioVersion = 17.5.2.0
MinimumVisualStudioVersion = 10.0.40219.1
Project("{FAE04EC0-301F-11D3-BF4B-00C04F79EFBC}") = "App.Test.Integration", "App.Test.Integration.csproj", "{DFC08EBD-B1FB-063E-B2E3-C607D5226DD9}"
EndProject
Global
	GlobalSection(SolutionConfigurationPlatforms) = preSolution
		Debug|Any CPU = Debug|Any CPU
		Release|Any CPU = Release|Any CPU
	EndGlobalSection
	GlobalSection(ProjectConfigurationPlatforms) = postSolution
		{DFC08EBD-B1FB-063E-B2E3-C607D5226DD9}.Debug|Any CPU.ActiveCfg = Debug|Any CPU
		{DFC08EBD-B1FB-063E-B2E3-C607D5226DD9}.Debug|Any CPU.Build.0 = Debug|Any CPU
		{DFC08EBD-B1FB-063E-B2E3-C607D5226DD9}.Release|Any CPU.ActiveCfg = Release|Any CPU
		{DFC08EBD-B1FB-063E-B2E3-C607D5226DD9}.Release|Any CPU.Build.0 = Release|Any CPU
	EndGlobalSection
	GlobalSection(SolutionProperties) = preSolution
		HideSolutionNode = FALSE
	EndGlobalSection
	GlobalSection(ExtensibilityGlobals) = postSolution
		SolutionGuid = {7D907BCF-DDCB-4658-8C99-0697A04523D0}
	EndGlobalSection
EndGlobal
