Microsoft Visual Studio Solution File, Format Version 12.00
# Visual Studio Version 17
VisualStudioVersion = 17.3.32811.315
MinimumVisualStudioVersion = 10.0.40219.1
Project("{FAE04EC0-301F-11D3-BF4B-00C04F79EFBC}") = "AngorApp", "AngorApp\AngorApp.csproj", "{94E52338-4818-4683-BC62-CB6B38402324}"
EndProject
Project("{FAE04EC0-301F-11D3-BF4B-00C04F79EFBC}") = "AngorApp.Desktop", "AngorApp.Desktop\AngorApp.Desktop.csproj", "{B0BFAC0F-9F74-4770-9B12-A3A478DB0A71}"
EndProject
Project("{2150E333-8FDC-42A3-9474-1A3956D46DE8}") = "Solution Items", "Solution Items", "{A02A88B0-7199-4506-82FF-82390EC6D18B}"
	ProjectSection(SolutionItems) = preProject
		.editorconfig = .editorconfig
		azure-pipelines.yml = azure-pipelines.yml
		Directory.Build.props = Directory.Build.props
		Directory.Packages.props = Directory.Packages.props
	EndProjectSection
EndProject
Project("{FAE04EC0-301F-11D3-BF4B-00C04F79EFBC}") = "AngorApp.Model", "AngorApp.Model\AngorApp.Model.csproj", "{31823F21-D6BF-4FB2-8F98-00E194AE24BA}"
EndProject
Project("{2150E333-8FDC-42A3-9474-1A3956D46DE8}") = "SDK", "SDK", "{5B7EE527-242E-4C87-9BB7-AD4E05EABC4C}"
EndProject
Project("{FAE04EC0-301F-11D3-BF4B-00C04F79EFBC}") = "Angor.Sdk", "Angor.Sdk\Angor.Sdk.csproj", "{287F370D-D680-4BE5-8577-7A180BD0A0E3}"
EndProject
Project("{FAE04EC0-301F-11D3-BF4B-00C04F79EFBC}") = "Angor.Sdk.Tests", "Angor.Sdk.Tests\Angor.Sdk.Tests.csproj", "{F281FE2A-3416-400A-8C9A-D88760908EA9}"
EndProject
Project("{2150E333-8FDC-42A3-9474-1A3956D46DE8}") = "Tests", "Tests", "{43B28F35-B0E0-4F28-9F40-C2430B4C8426}"
EndProject
Project("{2150E333-8FDC-42A3-9474-1A3956D46DE8}") = "App", "App", "{0073307D-8459-4084-B10E-EB112F0F1539}"
EndProject
Project("{2150E333-8FDC-42A3-9474-1A3956D46DE8}") = "Core", "Core", "{4B0A97D7-BA72-4208-94B6-707935986EDC}"
EndProject
Project("{FAE04EC0-301F-11D3-BF4B-00C04F79EFBC}") = "Angor.Shared", "..\Shared\Angor.Shared.csproj", "{CD44C0AB-5492-73B5-DC27-A41ABCCF4388}"
EndProject
Project("{FAE04EC0-301F-11D3-BF4B-00C04F79EFBC}") = "AngorApp.Android", "AngorApp.Android\AngorApp.Android.csproj", "{5B0BF8AB-14C3-4F52-8CE8-13AF71E8F1A5}"
EndProject
Project("{2150E333-8FDC-42A3-9474-1A3956D46DE8}") = "Data", "Data", "{E68996BA-A784-4A8A-B0BB-AFD4C8F705AE}"
EndProject
Project("{FAE04EC0-301F-11D3-BF4B-00C04F79EFBC}") = "Angor.Data.Documents", "Angor.Data.Documents\Angor.Data.Documents.csproj", "{B993ACF6-0BC9-4CBE-8AD3-038121373864}"
EndProject
Project("{FAE04EC0-301F-11D3-BF4B-00C04F79EFBC}") = "Angor.Data.Documents.LiteDb", "Angor.Data.Documents.LiteDb\Angor.Data.Documents.LiteDb.csproj", "{0F80E799-F731-4CA1-8FBC-E6BF82465845}"
EndProject
Project("{FAE04EC0-301F-11D3-BF4B-00C04F79EFBC}") = "Angor.Test", "..\..\Angor.Test\Angor.Test.csproj", "{5DCEA28A-CB30-4F4F-A922-61C14F10D486}"
EndProject
Project("{FAE04EC0-301F-11D3-BF4B-00C04F79EFBC}") = "AngorApp.Tests", "AngorApp.Tests\AngorApp.Tests.csproj", "{E7997F04-DA79-4F76-A617-499EBC590B71}"
EndProject
Global
	GlobalSection(SolutionConfigurationPlatforms) = preSolution
		Debug|Any CPU = Debug|Any CPU
		Release|Any CPU = Release|Any CPU
	EndGlobalSection
	GlobalSection(ProjectConfigurationPlatforms) = postSolution
		{94E52338-4818-4683-BC62-CB6B38402324}.Debug|Any CPU.ActiveCfg = Debug|Any CPU
		{94E52338-4818-4683-BC62-CB6B38402324}.Debug|Any CPU.Build.0 = Debug|Any CPU
		{94E52338-4818-4683-BC62-CB6B38402324}.Release|Any CPU.ActiveCfg = Release|Any CPU
		{94E52338-4818-4683-BC62-CB6B38402324}.Release|Any CPU.Build.0 = Release|Any CPU
		{B0BFAC0F-9F74-4770-9B12-A3A478DB0A71}.Debug|Any CPU.ActiveCfg = Debug|Any CPU
		{B0BFAC0F-9F74-4770-9B12-A3A478DB0A71}.Debug|Any CPU.Build.0 = Debug|Any CPU
		{B0BFAC0F-9F74-4770-9B12-A3A478DB0A71}.Release|Any CPU.ActiveCfg = Release|Any CPU
		{B0BFAC0F-9F74-4770-9B12-A3A478DB0A71}.Release|Any CPU.Build.0 = Release|Any CPU
		{31823F21-D6BF-4FB2-8F98-00E194AE24BA}.Debug|Any CPU.ActiveCfg = Debug|Any CPU
		{31823F21-D6BF-4FB2-8F98-00E194AE24BA}.Debug|Any CPU.Build.0 = Debug|Any CPU
		{31823F21-D6BF-4FB2-8F98-00E194AE24BA}.Release|Any CPU.ActiveCfg = Release|Any CPU
		{31823F21-D6BF-4FB2-8F98-00E194AE24BA}.Release|Any CPU.Build.0 = Release|Any CPU
		{287F370D-D680-4BE5-8577-7A180BD0A0E3}.Debug|Any CPU.ActiveCfg = Debug|Any CPU
		{287F370D-D680-4BE5-8577-7A180BD0A0E3}.Debug|Any CPU.Build.0 = Debug|Any CPU
		{287F370D-D680-4BE5-8577-7A180BD0A0E3}.Release|Any CPU.ActiveCfg = Release|Any CPU
		{287F370D-D680-4BE5-8577-7A180BD0A0E3}.Release|Any CPU.Build.0 = Release|Any CPU
		{F281FE2A-3416-400A-8C9A-D88760908EA9}.Debug|Any CPU.ActiveCfg = Debug|Any CPU
		{F281FE2A-3416-400A-8C9A-D88760908EA9}.Debug|Any CPU.Build.0 = Debug|Any CPU
		{F281FE2A-3416-400A-8C9A-D88760908EA9}.Release|Any CPU.ActiveCfg = Release|Any CPU
		{F281FE2A-3416-400A-8C9A-D88760908EA9}.Release|Any CPU.Build.0 = Release|Any CPU
		{CD44C0AB-5492-73B5-DC27-A41ABCCF4388}.Debug|Any CPU.ActiveCfg = Debug|Any CPU
		{CD44C0AB-5492-73B5-DC27-A41ABCCF4388}.Debug|Any CPU.Build.0 = Debug|Any CPU
		{CD44C0AB-5492-73B5-DC27-A41ABCCF4388}.Release|Any CPU.ActiveCfg = Release|Any CPU
		{CD44C0AB-5492-73B5-DC27-A41ABCCF4388}.Release|Any CPU.Build.0 = Release|Any CPU
		{5B0BF8AB-14C3-4F52-8CE8-13AF71E8F1A5}.Debug|Any CPU.ActiveCfg = Debug|Any CPU
		{5B0BF8AB-14C3-4F52-8CE8-13AF71E8F1A5}.Debug|Any CPU.Build.0 = Debug|Any CPU
		{5B0BF8AB-14C3-4F52-8CE8-13AF71E8F1A5}.Release|Any CPU.ActiveCfg = Release|Any CPU
		{5B0BF8AB-14C3-4F52-8CE8-13AF71E8F1A5}.Release|Any CPU.Build.0 = Release|Any CPU
		{B993ACF6-0BC9-4CBE-8AD3-038121373864}.Debug|Any CPU.ActiveCfg = Debug|Any CPU
		{B993ACF6-0BC9-4CBE-8AD3-038121373864}.Debug|Any CPU.Build.0 = Debug|Any CPU
		{B993ACF6-0BC9-4CBE-8AD3-038121373864}.Release|Any CPU.ActiveCfg = Release|Any CPU
		{B993ACF6-0BC9-4CBE-8AD3-038121373864}.Release|Any CPU.Build.0 = Release|Any CPU
		{0F80E799-F731-4CA1-8FBC-E6BF82465845}.Debug|Any CPU.ActiveCfg = Debug|Any CPU
		{0F80E799-F731-4CA1-8FBC-E6BF82465845}.Debug|Any CPU.Build.0 = Debug|Any CPU
		{0F80E799-F731-4CA1-8FBC-E6BF82465845}.Release|Any CPU.ActiveCfg = Release|Any CPU
		{0F80E799-F731-4CA1-8FBC-E6BF82465845}.Release|Any CPU.Build.0 = Release|Any CPU
		{5DCEA28A-CB30-4F4F-A922-61C14F10D486}.Debug|Any CPU.ActiveCfg = Debug|Any CPU
		{5DCEA28A-CB30-4F4F-A922-61C14F10D486}.Debug|Any CPU.Build.0 = Debug|Any CPU
		{5DCEA28A-CB30-4F4F-A922-61C14F10D486}.Release|Any CPU.ActiveCfg = Release|Any CPU
		{5DCEA28A-CB30-4F4F-A922-61C14F10D486}.Release|Any CPU.Build.0 = Release|Any CPU
		{E7997F04-DA79-4F76-A617-499EBC590B71}.Debug|Any CPU.ActiveCfg = Debug|Any CPU
		{E7997F04-DA79-4F76-A617-499EBC590B71}.Debug|Any CPU.Build.0 = Debug|Any CPU
		{E7997F04-DA79-4F76-A617-499EBC590B71}.Release|Any CPU.ActiveCfg = Release|Any CPU
		{E7997F04-DA79-4F76-A617-499EBC590B71}.Release|Any CPU.Build.0 = Release|Any CPU
	EndGlobalSection
	GlobalSection(SolutionProperties) = preSolution
		HideSolutionNode = FALSE
	EndGlobalSection
	GlobalSection(NestedProjects) = preSolution
		{94E52338-4818-4683-BC62-CB6B38402324} = {0073307D-8459-4084-B10E-EB112F0F1539}
		{B0BFAC0F-9F74-4770-9B12-A3A478DB0A71} = {0073307D-8459-4084-B10E-EB112F0F1539}
		{31823F21-D6BF-4FB2-8F98-00E194AE24BA} = {0073307D-8459-4084-B10E-EB112F0F1539}
		{287F370D-D680-4BE5-8577-7A180BD0A0E3} = {5B7EE527-242E-4C87-9BB7-AD4E05EABC4C}
		{F281FE2A-3416-400A-8C9A-D88760908EA9} = {43B28F35-B0E0-4F28-9F40-C2430B4C8426}
		{CD44C0AB-5492-73B5-DC27-A41ABCCF4388} = {4B0A97D7-BA72-4208-94B6-707935986EDC}
		{5B0BF8AB-14C3-4F52-8CE8-13AF71E8F1A5} = {0073307D-8459-4084-B10E-EB112F0F1539}
		{B993ACF6-0BC9-4CBE-8AD3-038121373864} = {E68996BA-A784-4A8A-B0BB-AFD4C8F705AE}
		{0F80E799-F731-4CA1-8FBC-E6BF82465845} = {E68996BA-A784-4A8A-B0BB-AFD4C8F705AE}
		{5DCEA28A-CB30-4F4F-A922-61C14F10D486} = {43B28F35-B0E0-4F28-9F40-C2430B4C8426}
		{E7997F04-DA79-4F76-A617-499EBC590B71} = {43B28F35-B0E0-4F28-9F40-C2430B4C8426}
	EndGlobalSection
	GlobalSection(ExtensibilityGlobals) = postSolution
		SolutionGuid = {83CB65B8-011F-4ED7-BCD3-A6CFA935EF7E}
	EndGlobalSection
EndGlobal
