
Microsoft Visual Studio Solution File, Format Version 12.00
# Visual Studio Version 17
VisualStudioVersion = 17.0.31903.59
MinimumVisualStudioVersion = 10.0.40219.1
Project("{2150E333-8FDC-42A3-9474-1A3956D46DE8}") = "shared", "shared", "{4F52FD11-658E-A102-6CD3-7D7C16FFA15B}"
EndProject
Project("{FAE04EC0-301F-11D3-BF4B-00C04F79EFBC}") = "Angor.Shared", "shared\Angor.Shared\Angor.Shared.csproj", "{E51DB3DD-3545-4A5C-88FE-AE62C11AEA68}"
EndProject
Project("{FAE04EC0-301F-11D3-BF4B-00C04F79EFBC}") = "Angor.Sdk", "sdk\Angor.Sdk\Angor.Sdk.csproj", "{8310DB6B-3004-4B62-AFE9-FCDA03FBB1BF}"
EndProject
Project("{FAE04EC0-301F-11D3-BF4B-00C04F79EFBC}") = "Angor.Data.Documents", "sdk\Angor.Data.Documents\Angor.Data.Documents.csproj", "{5A226365-A007-463C-BA01-5B0BEEFF5103}"
EndProject
Project("{FAE04EC0-301F-11D3-BF4B-00C04F79EFBC}") = "Angor.Data.Documents.LiteDb", "sdk\Angor.Data.Documents.LiteDb\Angor.Data.Documents.LiteDb.csproj", "{7CB09D6E-9779-4A68-951C-DE805F409A9A}"
EndProject
Project("{FAE04EC0-301F-11D3-BF4B-00C04F79EFBC}") = "App", "design\App\App.csproj", "{60645FB0-4280-432F-95E4-A08896350551}"
EndProject
Project("{FAE04EC0-301F-11D3-BF4B-00C04F79EFBC}") = "App.Desktop", "design\App.Desktop\App.Desktop.csproj", "{4BCA3638-2DC8-42DA-8BF9-FE96D53B04D8}"
EndProject
Project("{FAE04EC0-301F-11D3-BF4B-00C04F79EFBC}") = "App.Test.Integration", "design\App.Test.Integration\App.Test.Integration.csproj", "{C54733CF-E848-47BD-B328-1EBC19F7EF77}"
EndProject
Project("{FAE04EC0-301F-11D3-BF4B-00C04F79EFBC}") = "App.Android", "design\App.Android\App.Android.csproj", "{F9C55CB9-1D6A-48AD-B246-0E4C3F3FFF07}"
EndProject
Global
	GlobalSection(SolutionConfigurationPlatforms) = preSolution
		Debug|Any CPU = Debug|Any CPU
		Debug|x64 = Debug|x64
		Debug|x86 = Debug|x86
		Release|Any CPU = Release|Any CPU
		Release|x64 = Release|x64
		Release|x86 = Release|x86
	EndGlobalSection
	GlobalSection(ProjectConfigurationPlatforms) = postSolution
		{E51DB3DD-3545-4A5C-88FE-AE62C11AEA68}.Debug|Any CPU.ActiveCfg = Debug|Any CPU
		{E51DB3DD-3545-4A5C-88FE-AE62C11AEA68}.Debug|Any CPU.Build.0 = Debug|Any CPU
		{E51DB3DD-3545-4A5C-88FE-AE62C11AEA68}.Debug|x64.ActiveCfg = Debug|Any CPU
		{E51DB3DD-3545-4A5C-88FE-AE62C11AEA68}.Debug|x64.Build.0 = Debug|Any CPU
		{E51DB3DD-3545-4A5C-88FE-AE62C11AEA68}.Debug|x86.ActiveCfg = Debug|Any CPU
		{E51DB3DD-3545-4A5C-88FE-AE62C11AEA68}.Debug|x86.Build.0 = Debug|Any CPU
		{E51DB3DD-3545-4A5C-88FE-AE62C11AEA68}.Release|Any CPU.ActiveCfg = Release|Any CPU
		{E51DB3DD-3545-4A5C-88FE-AE62C11AEA68}.Release|Any CPU.Build.0 = Release|Any CPU
		{E51DB3DD-3545-4A5C-88FE-AE62C11AEA68}.Release|x64.ActiveCfg = Release|Any CPU
		{E51DB3DD-3545-4A5C-88FE-AE62C11AEA68}.Release|x64.Build.0 = Release|Any CPU
		{E51DB3DD-3545-4A5C-88FE-AE62C11AEA68}.Release|x86.ActiveCfg = Release|Any CPU
		{E51DB3DD-3545-4A5C-88FE-AE62C11AEA68}.Release|x86.Build.0 = Release|Any CPU
		{8310DB6B-3004-4B62-AFE9-FCDA03FBB1BF}.Debug|Any CPU.ActiveCfg = Debug|Any CPU
		{8310DB6B-3004-4B62-AFE9-FCDA03FBB1BF}.Debug|Any CPU.Build.0 = Debug|Any CPU
		{8310DB6B-3004-4B62-AFE9-FCDA03FBB1BF}.Debug|x64.ActiveCfg = Debug|Any CPU
		{8310DB6B-3004-4B62-AFE9-FCDA03FBB1BF}.Debug|x64.Build.0 = Debug|Any CPU
		{8310DB6B-3004-4B62-AFE9-FCDA03FBB1BF}.Debug|x86.ActiveCfg = Debug|Any CPU
		{8310DB6B-3004-4B62-AFE9-FCDA03FBB1BF}.Debug|x86.Build.0 = Debug|Any CPU
		{8310DB6B-3004-4B62-AFE9-FCDA03FBB1BF}.Release|Any CPU.ActiveCfg = Release|Any CPU
		{8310DB6B-3004-4B62-AFE9-FCDA03FBB1BF}.Release|Any CPU.Build.0 = Release|Any CPU
		{8310DB6B-3004-4B62-AFE9-FCDA03FBB1BF}.Release|x64.ActiveCfg = Release|Any CPU
		{8310DB6B-3004-4B62-AFE9-FCDA03FBB1BF}.Release|x64.Build.0 = Release|Any CPU
		{8310DB6B-3004-4B62-AFE9-FCDA03FBB1BF}.Release|x86.ActiveCfg = Release|Any CPU
		{8310DB6B-3004-4B62-AFE9-FCDA03FBB1BF}.Release|x86.Build.0 = Release|Any CPU
		{5A226365-A007-463C-BA01-5B0BEEFF5103}.Debug|Any CPU.ActiveCfg = Debug|Any CPU
		{5A226365-A007-463C-BA01-5B0BEEFF5103}.Debug|Any CPU.Build.0 = Debug|Any CPU
		{5A226365-A007-463C-BA01-5B0BEEFF5103}.Debug|x64.ActiveCfg = Debug|Any CPU
		{5A226365-A007-463C-BA01-5B0BEEFF5103}.Debug|x64.Build.0 = Debug|Any CPU
		{5A226365-A007-463C-BA01-5B0BEEFF5103}.Debug|x86.ActiveCfg = Debug|Any CPU
		{5A226365-A007-463C-BA01-5B0BEEFF5103}.Debug|x86.Build.0 = Debug|Any CPU
		{5A226365-A007-463C-BA01-5B0BEEFF5103}.Release|Any CPU.ActiveCfg = Release|Any CPU
		{5A226365-A007-463C-BA01-5B0BEEFF5103}.Release|Any CPU.Build.0 = Release|Any CPU
		{5A226365-A007-463C-BA01-5B0BEEFF5103}.Release|x64.ActiveCfg = Release|Any CPU
		{5A226365-A007-463C-BA01-5B0BEEFF5103}.Release|x64.Build.0 = Release|Any CPU
		{5A226365-A007-463C-BA01-5B0BEEFF5103}.Release|x86.ActiveCfg = Release|Any CPU
		{5A226365-A007-463C-BA01-5B0BEEFF5103}.Release|x86.Build.0 = Release|Any CPU
		{7CB09D6E-9779-4A68-951C-DE805F409A9A}.Debug|Any CPU.ActiveCfg = Debug|Any CPU
		{7CB09D6E-9779-4A68-951C-DE805F409A9A}.Debug|Any CPU.Build.0 = Debug|Any CPU
		{7CB09D6E-9779-4A68-951C-DE805F409A9A}.Debug|x64.ActiveCfg = Debug|Any CPU
		{7CB09D6E-9779-4A68-951C-DE805F409A9A}.Debug|x64.Build.0 = Debug|Any CPU
		{7CB09D6E-9779-4A68-951C-DE805F409A9A}.Debug|x86.ActiveCfg = Debug|Any CPU
		{7CB09D6E-9779-4A68-951C-DE805F409A9A}.Debug|x86.Build.0 = Debug|Any CPU
		{7CB09D6E-9779-4A68-951C-DE805F409A9A}.Release|Any CPU.ActiveCfg = Release|Any CPU
		{7CB09D6E-9779-4A68-951C-DE805F409A9A}.Release|Any CPU.Build.0 = Release|Any CPU
		{7CB09D6E-9779-4A68-951C-DE805F409A9A}.Release|x64.ActiveCfg = Release|Any CPU
		{7CB09D6E-9779-4A68-951C-DE805F409A9A}.Release|x64.Build.0 = Release|Any CPU
		{7CB09D6E-9779-4A68-951C-DE805F409A9A}.Release|x86.ActiveCfg = Release|Any CPU
		{7CB09D6E-9779-4A68-951C-DE805F409A9A}.Release|x86.Build.0 = Release|Any CPU
		{60645FB0-4280-432F-95E4-A08896350551}.Debug|Any CPU.ActiveCfg = Debug|Any CPU
		{60645FB0-4280-432F-95E4-A08896350551}.Debug|Any CPU.Build.0 = Debug|Any CPU
		{60645FB0-4280-432F-95E4-A08896350551}.Debug|x64.ActiveCfg = Debug|Any CPU
		{60645FB0-4280-432F-95E4-A08896350551}.Debug|x64.Build.0 = Debug|Any CPU
		{60645FB0-4280-432F-95E4-A08896350551}.Debug|x86.ActiveCfg = Debug|Any CPU
		{60645FB0-4280-432F-95E4-A08896350551}.Debug|x86.Build.0 = Debug|Any CPU
		{60645FB0-4280-432F-95E4-A08896350551}.Release|Any CPU.ActiveCfg = Release|Any CPU
		{60645FB0-4280-432F-95E4-A08896350551}.Release|Any CPU.Build.0 = Release|Any CPU
		{60645FB0-4280-432F-95E4-A08896350551}.Release|x64.ActiveCfg = Release|Any CPU
		{60645FB0-4280-432F-95E4-A08896350551}.Release|x64.Build.0 = Release|Any CPU
		{60645FB0-4280-432F-95E4-A08896350551}.Release|x86.ActiveCfg = Release|Any CPU
		{60645FB0-4280-432F-95E4-A08896350551}.Release|x86.Build.0 = Release|Any CPU
		{4BCA3638-2DC8-42DA-8BF9-FE96D53B04D8}.Debug|Any CPU.ActiveCfg = Debug|Any CPU
		{4BCA3638-2DC8-42DA-8BF9-FE96D53B04D8}.Debug|Any CPU.Build.0 = Debug|Any CPU
		{4BCA3638-2DC8-42DA-8BF9-FE96D53B04D8}.Debug|x64.ActiveCfg = Debug|Any CPU
		{4BCA3638-2DC8-42DA-8BF9-FE96D53B04D8}.Debug|x64.Build.0 = Debug|Any CPU
		{4BCA3638-2DC8-42DA-8BF9-FE96D53B04D8}.Debug|x86.ActiveCfg = Debug|Any CPU
		{4BCA3638-2DC8-42DA-8BF9-FE96D53B04D8}.Debug|x86.Build.0 = Debug|Any CPU
		{4BCA3638-2DC8-42DA-8BF9-FE96D53B04D8}.Release|Any CPU.ActiveCfg = Release|Any CPU
		{4BCA3638-2DC8-42DA-8BF9-FE96D53B04D8}.Release|Any CPU.Build.0 = Release|Any CPU
		{4BCA3638-2DC8-42DA-8BF9-FE96D53B04D8}.Release|x64.ActiveCfg = Release|Any CPU
		{4BCA3638-2DC8-42DA-8BF9-FE96D53B04D8}.Release|x64.Build.0 = Release|Any CPU
		{4BCA3638-2DC8-42DA-8BF9-FE96D53B04D8}.Release|x86.ActiveCfg = Release|Any CPU
		{4BCA3638-2DC8-42DA-8BF9-FE96D53B04D8}.Release|x86.Build.0 = Release|Any CPU
		{C54733CF-E848-47BD-B328-1EBC19F7EF77}.Debug|Any CPU.ActiveCfg = Debug|Any CPU
		{C54733CF-E848-47BD-B328-1EBC19F7EF77}.Debug|Any CPU.Build.0 = Debug|Any CPU
		{C54733CF-E848-47BD-B328-1EBC19F7EF77}.Debug|x64.ActiveCfg = Debug|Any CPU
		{C54733CF-E848-47BD-B328-1EBC19F7EF77}.Debug|x64.Build.0 = Debug|Any CPU
		{C54733CF-E848-47BD-B328-1EBC19F7EF77}.Debug|x86.ActiveCfg = Debug|Any CPU
		{C54733CF-E848-47BD-B328-1EBC19F7EF77}.Debug|x86.Build.0 = Debug|Any CPU
		{C54733CF-E848-47BD-B328-1EBC19F7EF77}.Release|Any CPU.ActiveCfg = Release|Any CPU
		{C54733CF-E848-47BD-B328-1EBC19F7EF77}.Release|Any CPU.Build.0 = Release|Any CPU
		{C54733CF-E848-47BD-B328-1EBC19F7EF77}.Release|x64.ActiveCfg = Release|Any CPU
		{C54733CF-E848-47BD-B328-1EBC19F7EF77}.Release|x64.Build.0 = Release|Any CPU
		{C54733CF-E848-47BD-B328-1EBC19F7EF77}.Release|x86.ActiveCfg = Release|Any CPU
		{C54733CF-E848-47BD-B328-1EBC19F7EF77}.Release|x86.Build.0 = Release|Any CPU
		{F9C55CB9-1D6A-48AD-B246-0E4C3F3FFF07}.Debug|Any CPU.ActiveCfg = Debug|Any CPU
		{F9C55CB9-1D6A-48AD-B246-0E4C3F3FFF07}.Debug|Any CPU.Build.0 = Debug|Any CPU
		{F9C55CB9-1D6A-48AD-B246-0E4C3F3FFF07}.Debug|x64.ActiveCfg = Debug|Any CPU
		{F9C55CB9-1D6A-48AD-B246-0E4C3F3FFF07}.Debug|x64.Build.0 = Debug|Any CPU
		{F9C55CB9-1D6A-48AD-B246-0E4C3F3FFF07}.Debug|x86.ActiveCfg = Debug|Any CPU
		{F9C55CB9-1D6A-48AD-B246-0E4C3F3FFF07}.Debug|x86.Build.0 = Debug|Any CPU
		{F9C55CB9-1D6A-48AD-B246-0E4C3F3FFF07}.Release|Any CPU.ActiveCfg = Release|Any CPU
		{F9C55CB9-1D6A-48AD-B246-0E4C3F3FFF07}.Release|Any CPU.Build.0 = Release|Any CPU
		{F9C55CB9-1D6A-48AD-B246-0E4C3F3FFF07}.Release|x64.ActiveCfg = Release|Any CPU
		{F9C55CB9-1D6A-48AD-B246-0E4C3F3FFF07}.Release|x64.Build.0 = Release|Any CPU
		{F9C55CB9-1D6A-48AD-B246-0E4C3F3FFF07}.Release|x86.ActiveCfg = Release|Any CPU
		{F9C55CB9-1D6A-48AD-B246-0E4C3F3FFF07}.Release|x86.Build.0 = Release|Any CPU
	EndGlobalSection
	GlobalSection(SolutionProperties) = preSolution
		HideSolutionNode = FALSE
	EndGlobalSection
	GlobalSection(NestedProjects) = preSolution
		{E51DB3DD-3545-4A5C-88FE-AE62C11AEA68} = {4F52FD11-658E-A102-6CD3-7D7C16FFA15B}
		{8310DB6B-3004-4B62-AFE9-FCDA03FBB1BF} = {4F52FD11-658E-A102-6CD3-7D7C16FFA15B}
		{5A226365-A007-463C-BA01-5B0BEEFF5103} = {4F52FD11-658E-A102-6CD3-7D7C16FFA15B}
		{7CB09D6E-9779-4A68-951C-DE805F409A9A} = {4F52FD11-658E-A102-6CD3-7D7C16FFA15B}
	EndGlobalSection
EndGlobal
