
Microsoft Visual Studio Solution File, Format Version 12.00
# Visual Studio Version 17
VisualStudioVersion = 17.0.31903.59
MinimumVisualStudioVersion = 10.0.40219.1
Project("{2150E333-8FDC-42A3-9474-1A3956D46DE8}") = "shared", "shared", "{4F52FD11-658E-A102-6CD3-7D7C16FFA15B}"
EndProject
Project("{FAE04EC0-301F-11D3-BF4B-00C04F79EFBC}") = "Angor.Shared", "shared\Angor.Shared\Angor.Shared.csproj", "{941C637D-357B-415E-8358-6325C919B330}"
EndProject
Project("{FAE04EC0-301F-11D3-BF4B-00C04F79EFBC}") = "Angor.Shared.Tests", "shared\Angor.Shared.Tests\Angor.Shared.Tests.csproj", "{529AAFCC-AB29-42D8-9C54-24A8D4186C3B}"
EndProject
Project("{2150E333-8FDC-42A3-9474-1A3956D46DE8}") = "sdk", "sdk", "{FF13A09E-0E72-1904-124B-A4E979EF28D3}"
EndProject
Project("{FAE04EC0-301F-11D3-BF4B-00C04F79EFBC}") = "Angor.Sdk", "sdk\Angor.Sdk\Angor.Sdk.csproj", "{6CB24C95-5546-49AE-B34D-1E58B7CAF9F1}"
EndProject
Project("{FAE04EC0-301F-11D3-BF4B-00C04F79EFBC}") = "Angor.Sdk.Tests", "sdk\Angor.Sdk.Tests\Angor.Sdk.Tests.csproj", "{BAA753E7-0FFB-4232-9455-2886D944BBA0}"
EndProject
Project("{FAE04EC0-301F-11D3-BF4B-00C04F79EFBC}") = "Angor.Data.Documents", "sdk\Angor.Data.Documents\Angor.Data.Documents.csproj", "{D2355303-685D-4393-9025-5268752A5856}"
EndProject
Project("{FAE04EC0-301F-11D3-BF4B-00C04F79EFBC}") = "Angor.Data.Documents.LiteDb", "sdk\Angor.Data.Documents.LiteDb\Angor.Data.Documents.LiteDb.csproj", "{9A3BB702-F949-4F0A-9460-F3C453722091}"
EndProject
Project("{2150E333-8FDC-42A3-9474-1A3956D46DE8}") = "avalonia", "avalonia", "{DA5C3214-5362-D53D-7EE1-7B72DB27BE75}"
EndProject
Project("{FAE04EC0-301F-11D3-BF4B-00C04F79EFBC}") = "AngorApp", "avalonia\AngorApp\AngorApp.csproj", "{9B18E86D-FFFA-4B42-9543-CE0AE668C434}"
EndProject
Project("{FAE04EC0-301F-11D3-BF4B-00C04F79EFBC}") = "AngorApp.Model", "avalonia\AngorApp.Model\AngorApp.Model.csproj", "{D3EF0B36-E718-4822-8AA6-FDCC69CFCC06}"
EndProject
Project("{FAE04EC0-301F-11D3-BF4B-00C04F79EFBC}") = "AngorApp.Tests", "avalonia\AngorApp.Tests\AngorApp.Tests.csproj", "{1A5D0AE1-5C49-4AE8-AEE9-E8EE1140BB72}"
EndProject
Project("{FAE04EC0-301F-11D3-BF4B-00C04F79EFBC}") = "AngorApp.Desktop", "avalonia\AngorApp.Desktop\AngorApp.Desktop.csproj", "{8531B1DE-21B4-4BBD-8144-A1FB667417AE}"
EndProject
Project("{FAE04EC0-301F-11D3-BF4B-00C04F79EFBC}") = "AngorApp.Android", "avalonia\AngorApp.Android\AngorApp.Android.csproj", "{9682DBE8-A705-45F2-8008-8252946914A5}"
EndProject
Project("{FAE04EC0-301F-11D3-BF4B-00C04F79EFBC}") = "AngorApp.iOS", "avalonia\AngorApp.iOS\AngorApp.iOS.csproj", "{728C73B4-59C8-4B8E-BDA9-0D77D9666EF3}"
EndProject
Project("{FAE04EC0-301F-11D3-BF4B-00C04F79EFBC}") = "AngorApp.Browser", "avalonia\AngorApp.Browser\AngorApp.Browser.csproj", "{234F48C0-953C-4C7D-AEB2-62955CBA40C4}"
EndProject
Global
	GlobalSection(SolutionConfigurationPlatforms) = preSolution
		Debug|Any CPU = Debug|Any CPU
		Debug|x64 = Debug|x64
		Debug|x86 = Debug|x86
		Release|Any CPU = Release|Any CPU
		Release|x64 = Release|x64
		Release|x86 = Release|x86
	EndGlobalSection
	GlobalSection(ProjectConfigurationPlatforms) = postSolution
		{941C637D-357B-415E-8358-6325C919B330}.Debug|Any CPU.ActiveCfg = Debug|Any CPU
		{941C637D-357B-415E-8358-6325C919B330}.Debug|Any CPU.Build.0 = Debug|Any CPU
		{941C637D-357B-415E-8358-6325C919B330}.Debug|x64.ActiveCfg = Debug|Any CPU
		{941C637D-357B-415E-8358-6325C919B330}.Debug|x64.Build.0 = Debug|Any CPU
		{941C637D-357B-415E-8358-6325C919B330}.Debug|x86.ActiveCfg = Debug|Any CPU
		{941C637D-357B-415E-8358-6325C919B330}.Debug|x86.Build.0 = Debug|Any CPU
		{941C637D-357B-415E-8358-6325C919B330}.Release|Any CPU.ActiveCfg = Release|Any CPU
		{941C637D-357B-415E-8358-6325C919B330}.Release|Any CPU.Build.0 = Release|Any CPU
		{941C637D-357B-415E-8358-6325C919B330}.Release|x64.ActiveCfg = Release|Any CPU
		{941C637D-357B-415E-8358-6325C919B330}.Release|x64.Build.0 = Release|Any CPU
		{941C637D-357B-415E-8358-6325C919B330}.Release|x86.ActiveCfg = Release|Any CPU
		{941C637D-357B-415E-8358-6325C919B330}.Release|x86.Build.0 = Release|Any CPU
		{529AAFCC-AB29-42D8-9C54-24A8D4186C3B}.Debug|Any CPU.ActiveCfg = Debug|Any CPU
		{529AAFCC-AB29-42D8-9C54-24A8D4186C3B}.Debug|Any CPU.Build.0 = Debug|Any CPU
		{529AAFCC-AB29-42D8-9C54-24A8D4186C3B}.Debug|x64.ActiveCfg = Debug|Any CPU
		{529AAFCC-AB29-42D8-9C54-24A8D4186C3B}.Debug|x64.Build.0 = Debug|Any CPU
		{529AAFCC-AB29-42D8-9C54-24A8D4186C3B}.Debug|x86.ActiveCfg = Debug|Any CPU
		{529AAFCC-AB29-42D8-9C54-24A8D4186C3B}.Debug|x86.Build.0 = Debug|Any CPU
		{529AAFCC-AB29-42D8-9C54-24A8D4186C3B}.Release|Any CPU.ActiveCfg = Release|Any CPU
		{529AAFCC-AB29-42D8-9C54-24A8D4186C3B}.Release|Any CPU.Build.0 = Release|Any CPU
		{529AAFCC-AB29-42D8-9C54-24A8D4186C3B}.Release|x64.ActiveCfg = Release|Any CPU
		{529AAFCC-AB29-42D8-9C54-24A8D4186C3B}.Release|x64.Build.0 = Release|Any CPU
		{529AAFCC-AB29-42D8-9C54-24A8D4186C3B}.Release|x86.ActiveCfg = Release|Any CPU
		{529AAFCC-AB29-42D8-9C54-24A8D4186C3B}.Release|x86.Build.0 = Release|Any CPU
		{6CB24C95-5546-49AE-B34D-1E58B7CAF9F1}.Debug|Any CPU.ActiveCfg = Debug|Any CPU
		{6CB24C95-5546-49AE-B34D-1E58B7CAF9F1}.Debug|Any CPU.Build.0 = Debug|Any CPU
		{6CB24C95-5546-49AE-B34D-1E58B7CAF9F1}.Debug|x64.ActiveCfg = Debug|Any CPU
		{6CB24C95-5546-49AE-B34D-1E58B7CAF9F1}.Debug|x64.Build.0 = Debug|Any CPU
		{6CB24C95-5546-49AE-B34D-1E58B7CAF9F1}.Debug|x86.ActiveCfg = Debug|Any CPU
		{6CB24C95-5546-49AE-B34D-1E58B7CAF9F1}.Debug|x86.Build.0 = Debug|Any CPU
		{6CB24C95-5546-49AE-B34D-1E58B7CAF9F1}.Release|Any CPU.ActiveCfg = Release|Any CPU
		{6CB24C95-5546-49AE-B34D-1E58B7CAF9F1}.Release|Any CPU.Build.0 = Release|Any CPU
		{6CB24C95-5546-49AE-B34D-1E58B7CAF9F1}.Release|x64.ActiveCfg = Release|Any CPU
		{6CB24C95-5546-49AE-B34D-1E58B7CAF9F1}.Release|x64.Build.0 = Release|Any CPU
		{6CB24C95-5546-49AE-B34D-1E58B7CAF9F1}.Release|x86.ActiveCfg = Release|Any CPU
		{6CB24C95-5546-49AE-B34D-1E58B7CAF9F1}.Release|x86.Build.0 = Release|Any CPU
		{BAA753E7-0FFB-4232-9455-2886D944BBA0}.Debug|Any CPU.ActiveCfg = Debug|Any CPU
		{BAA753E7-0FFB-4232-9455-2886D944BBA0}.Debug|Any CPU.Build.0 = Debug|Any CPU
		{BAA753E7-0FFB-4232-9455-2886D944BBA0}.Debug|x64.ActiveCfg = Debug|Any CPU
		{BAA753E7-0FFB-4232-9455-2886D944BBA0}.Debug|x64.Build.0 = Debug|Any CPU
		{BAA753E7-0FFB-4232-9455-2886D944BBA0}.Debug|x86.ActiveCfg = Debug|Any CPU
		{BAA753E7-0FFB-4232-9455-2886D944BBA0}.Debug|x86.Build.0 = Debug|Any CPU
		{BAA753E7-0FFB-4232-9455-2886D944BBA0}.Release|Any CPU.ActiveCfg = Release|Any CPU
		{BAA753E7-0FFB-4232-9455-2886D944BBA0}.Release|Any CPU.Build.0 = Release|Any CPU
		{BAA753E7-0FFB-4232-9455-2886D944BBA0}.Release|x64.ActiveCfg = Release|Any CPU
		{BAA753E7-0FFB-4232-9455-2886D944BBA0}.Release|x64.Build.0 = Release|Any CPU
		{BAA753E7-0FFB-4232-9455-2886D944BBA0}.Release|x86.ActiveCfg = Release|Any CPU
		{BAA753E7-0FFB-4232-9455-2886D944BBA0}.Release|x86.Build.0 = Release|Any CPU
		{D2355303-685D-4393-9025-5268752A5856}.Debug|Any CPU.ActiveCfg = Debug|Any CPU
		{D2355303-685D-4393-9025-5268752A5856}.Debug|Any CPU.Build.0 = Debug|Any CPU
		{D2355303-685D-4393-9025-5268752A5856}.Debug|x64.ActiveCfg = Debug|Any CPU
		{D2355303-685D-4393-9025-5268752A5856}.Debug|x64.Build.0 = Debug|Any CPU
		{D2355303-685D-4393-9025-5268752A5856}.Debug|x86.ActiveCfg = Debug|Any CPU
		{D2355303-685D-4393-9025-5268752A5856}.Debug|x86.Build.0 = Debug|Any CPU
		{D2355303-685D-4393-9025-5268752A5856}.Release|Any CPU.ActiveCfg = Release|Any CPU
		{D2355303-685D-4393-9025-5268752A5856}.Release|Any CPU.Build.0 = Release|Any CPU
		{D2355303-685D-4393-9025-5268752A5856}.Release|x64.ActiveCfg = Release|Any CPU
		{D2355303-685D-4393-9025-5268752A5856}.Release|x64.Build.0 = Release|Any CPU
		{D2355303-685D-4393-9025-5268752A5856}.Release|x86.ActiveCfg = Release|Any CPU
		{D2355303-685D-4393-9025-5268752A5856}.Release|x86.Build.0 = Release|Any CPU
		{9A3BB702-F949-4F0A-9460-F3C453722091}.Debug|Any CPU.ActiveCfg = Debug|Any CPU
		{9A3BB702-F949-4F0A-9460-F3C453722091}.Debug|Any CPU.Build.0 = Debug|Any CPU
		{9A3BB702-F949-4F0A-9460-F3C453722091}.Debug|x64.ActiveCfg = Debug|Any CPU
		{9A3BB702-F949-4F0A-9460-F3C453722091}.Debug|x64.Build.0 = Debug|Any CPU
		{9A3BB702-F949-4F0A-9460-F3C453722091}.Debug|x86.ActiveCfg = Debug|Any CPU
		{9A3BB702-F949-4F0A-9460-F3C453722091}.Debug|x86.Build.0 = Debug|Any CPU
		{9A3BB702-F949-4F0A-9460-F3C453722091}.Release|Any CPU.ActiveCfg = Release|Any CPU
		{9A3BB702-F949-4F0A-9460-F3C453722091}.Release|Any CPU.Build.0 = Release|Any CPU
		{9A3BB702-F949-4F0A-9460-F3C453722091}.Release|x64.ActiveCfg = Release|Any CPU
		{9A3BB702-F949-4F0A-9460-F3C453722091}.Release|x64.Build.0 = Release|Any CPU
		{9A3BB702-F949-4F0A-9460-F3C453722091}.Release|x86.ActiveCfg = Release|Any CPU
		{9A3BB702-F949-4F0A-9460-F3C453722091}.Release|x86.Build.0 = Release|Any CPU
		{9B18E86D-FFFA-4B42-9543-CE0AE668C434}.Debug|Any CPU.ActiveCfg = Debug|Any CPU
		{9B18E86D-FFFA-4B42-9543-CE0AE668C434}.Debug|Any CPU.Build.0 = Debug|Any CPU
		{9B18E86D-FFFA-4B42-9543-CE0AE668C434}.Debug|x64.ActiveCfg = Debug|Any CPU
		{9B18E86D-FFFA-4B42-9543-CE0AE668C434}.Debug|x64.Build.0 = Debug|Any CPU
		{9B18E86D-FFFA-4B42-9543-CE0AE668C434}.Debug|x86.ActiveCfg = Debug|Any CPU
		{9B18E86D-FFFA-4B42-9543-CE0AE668C434}.Debug|x86.Build.0 = Debug|Any CPU
		{9B18E86D-FFFA-4B42-9543-CE0AE668C434}.Release|Any CPU.ActiveCfg = Release|Any CPU
		{9B18E86D-FFFA-4B42-9543-CE0AE668C434}.Release|Any CPU.Build.0 = Release|Any CPU
		{9B18E86D-FFFA-4B42-9543-CE0AE668C434}.Release|x64.ActiveCfg = Release|Any CPU
		{9B18E86D-FFFA-4B42-9543-CE0AE668C434}.Release|x64.Build.0 = Release|Any CPU
		{9B18E86D-FFFA-4B42-9543-CE0AE668C434}.Release|x86.ActiveCfg = Release|Any CPU
		{9B18E86D-FFFA-4B42-9543-CE0AE668C434}.Release|x86.Build.0 = Release|Any CPU
		{D3EF0B36-E718-4822-8AA6-FDCC69CFCC06}.Debug|Any CPU.ActiveCfg = Debug|Any CPU
		{D3EF0B36-E718-4822-8AA6-FDCC69CFCC06}.Debug|Any CPU.Build.0 = Debug|Any CPU
		{D3EF0B36-E718-4822-8AA6-FDCC69CFCC06}.Debug|x64.ActiveCfg = Debug|Any CPU
		{D3EF0B36-E718-4822-8AA6-FDCC69CFCC06}.Debug|x64.Build.0 = Debug|Any CPU
		{D3EF0B36-E718-4822-8AA6-FDCC69CFCC06}.Debug|x86.ActiveCfg = Debug|Any CPU
		{D3EF0B36-E718-4822-8AA6-FDCC69CFCC06}.Debug|x86.Build.0 = Debug|Any CPU
		{D3EF0B36-E718-4822-8AA6-FDCC69CFCC06}.Release|Any CPU.ActiveCfg = Release|Any CPU
		{D3EF0B36-E718-4822-8AA6-FDCC69CFCC06}.Release|Any CPU.Build.0 = Release|Any CPU
		{D3EF0B36-E718-4822-8AA6-FDCC69CFCC06}.Release|x64.ActiveCfg = Release|Any CPU
		{D3EF0B36-E718-4822-8AA6-FDCC69CFCC06}.Release|x64.Build.0 = Release|Any CPU
		{D3EF0B36-E718-4822-8AA6-FDCC69CFCC06}.Release|x86.ActiveCfg = Release|Any CPU
		{D3EF0B36-E718-4822-8AA6-FDCC69CFCC06}.Release|x86.Build.0 = Release|Any CPU
		{1A5D0AE1-5C49-4AE8-AEE9-E8EE1140BB72}.Debug|Any CPU.ActiveCfg = Debug|Any CPU
		{1A5D0AE1-5C49-4AE8-AEE9-E8EE1140BB72}.Debug|Any CPU.Build.0 = Debug|Any CPU
		{1A5D0AE1-5C49-4AE8-AEE9-E8EE1140BB72}.Debug|x64.ActiveCfg = Debug|Any CPU
		{1A5D0AE1-5C49-4AE8-AEE9-E8EE1140BB72}.Debug|x64.Build.0 = Debug|Any CPU
		{1A5D0AE1-5C49-4AE8-AEE9-E8EE1140BB72}.Debug|x86.ActiveCfg = Debug|Any CPU
		{1A5D0AE1-5C49-4AE8-AEE9-E8EE1140BB72}.Debug|x86.Build.0 = Debug|Any CPU
		{1A5D0AE1-5C49-4AE8-AEE9-E8EE1140BB72}.Release|Any CPU.ActiveCfg = Release|Any CPU
		{1A5D0AE1-5C49-4AE8-AEE9-E8EE1140BB72}.Release|Any CPU.Build.0 = Release|Any CPU
		{1A5D0AE1-5C49-4AE8-AEE9-E8EE1140BB72}.Release|x64.ActiveCfg = Release|Any CPU
		{1A5D0AE1-5C49-4AE8-AEE9-E8EE1140BB72}.Release|x64.Build.0 = Release|Any CPU
		{1A5D0AE1-5C49-4AE8-AEE9-E8EE1140BB72}.Release|x86.ActiveCfg = Release|Any CPU
		{1A5D0AE1-5C49-4AE8-AEE9-E8EE1140BB72}.Release|x86.Build.0 = Release|Any CPU
		{8531B1DE-21B4-4BBD-8144-A1FB667417AE}.Debug|Any CPU.ActiveCfg = Debug|Any CPU
		{8531B1DE-21B4-4BBD-8144-A1FB667417AE}.Debug|Any CPU.Build.0 = Debug|Any CPU
		{8531B1DE-21B4-4BBD-8144-A1FB667417AE}.Debug|x64.ActiveCfg = Debug|Any CPU
		{8531B1DE-21B4-4BBD-8144-A1FB667417AE}.Debug|x64.Build.0 = Debug|Any CPU
		{8531B1DE-21B4-4BBD-8144-A1FB667417AE}.Debug|x86.ActiveCfg = Debug|Any CPU
		{8531B1DE-21B4-4BBD-8144-A1FB667417AE}.Debug|x86.Build.0 = Debug|Any CPU
		{8531B1DE-21B4-4BBD-8144-A1FB667417AE}.Release|Any CPU.ActiveCfg = Release|Any CPU
		{8531B1DE-21B4-4BBD-8144-A1FB667417AE}.Release|Any CPU.Build.0 = Release|Any CPU
		{8531B1DE-21B4-4BBD-8144-A1FB667417AE}.Release|x64.ActiveCfg = Release|Any CPU
		{8531B1DE-21B4-4BBD-8144-A1FB667417AE}.Release|x64.Build.0 = Release|Any CPU
		{8531B1DE-21B4-4BBD-8144-A1FB667417AE}.Release|x86.ActiveCfg = Release|Any CPU
		{8531B1DE-21B4-4BBD-8144-A1FB667417AE}.Release|x86.Build.0 = Release|Any CPU
		{9682DBE8-A705-45F2-8008-8252946914A5}.Debug|Any CPU.ActiveCfg = Debug|Any CPU
		{9682DBE8-A705-45F2-8008-8252946914A5}.Debug|Any CPU.Build.0 = Debug|Any CPU
		{9682DBE8-A705-45F2-8008-8252946914A5}.Debug|x64.ActiveCfg = Debug|Any CPU
		{9682DBE8-A705-45F2-8008-8252946914A5}.Debug|x64.Build.0 = Debug|Any CPU
		{9682DBE8-A705-45F2-8008-8252946914A5}.Debug|x86.ActiveCfg = Debug|Any CPU
		{9682DBE8-A705-45F2-8008-8252946914A5}.Debug|x86.Build.0 = Debug|Any CPU
		{9682DBE8-A705-45F2-8008-8252946914A5}.Release|Any CPU.ActiveCfg = Release|Any CPU
		{9682DBE8-A705-45F2-8008-8252946914A5}.Release|Any CPU.Build.0 = Release|Any CPU
		{9682DBE8-A705-45F2-8008-8252946914A5}.Release|x64.ActiveCfg = Release|Any CPU
		{9682DBE8-A705-45F2-8008-8252946914A5}.Release|x64.Build.0 = Release|Any CPU
		{9682DBE8-A705-45F2-8008-8252946914A5}.Release|x86.ActiveCfg = Release|Any CPU
		{9682DBE8-A705-45F2-8008-8252946914A5}.Release|x86.Build.0 = Release|Any CPU
		{728C73B4-59C8-4B8E-BDA9-0D77D9666EF3}.Debug|Any CPU.ActiveCfg = Debug|Any CPU
		{728C73B4-59C8-4B8E-BDA9-0D77D9666EF3}.Debug|Any CPU.Build.0 = Debug|Any CPU
		{728C73B4-59C8-4B8E-BDA9-0D77D9666EF3}.Debug|x64.ActiveCfg = Debug|Any CPU
		{728C73B4-59C8-4B8E-BDA9-0D77D9666EF3}.Debug|x64.Build.0 = Debug|Any CPU
		{728C73B4-59C8-4B8E-BDA9-0D77D9666EF3}.Debug|x86.ActiveCfg = Debug|Any CPU
		{728C73B4-59C8-4B8E-BDA9-0D77D9666EF3}.Debug|x86.Build.0 = Debug|Any CPU
		{728C73B4-59C8-4B8E-BDA9-0D77D9666EF3}.Release|Any CPU.ActiveCfg = Release|Any CPU
		{728C73B4-59C8-4B8E-BDA9-0D77D9666EF3}.Release|Any CPU.Build.0 = Release|Any CPU
		{728C73B4-59C8-4B8E-BDA9-0D77D9666EF3}.Release|x64.ActiveCfg = Release|Any CPU
		{728C73B4-59C8-4B8E-BDA9-0D77D9666EF3}.Release|x64.Build.0 = Release|Any CPU
		{728C73B4-59C8-4B8E-BDA9-0D77D9666EF3}.Release|x86.ActiveCfg = Release|Any CPU
		{728C73B4-59C8-4B8E-BDA9-0D77D9666EF3}.Release|x86.Build.0 = Release|Any CPU
		{234F48C0-953C-4C7D-AEB2-62955CBA40C4}.Debug|Any CPU.ActiveCfg = Debug|Any CPU
		{234F48C0-953C-4C7D-AEB2-62955CBA40C4}.Debug|Any CPU.Build.0 = Debug|Any CPU
		{234F48C0-953C-4C7D-AEB2-62955CBA40C4}.Debug|x64.ActiveCfg = Debug|Any CPU
		{234F48C0-953C-4C7D-AEB2-62955CBA40C4}.Debug|x64.Build.0 = Debug|Any CPU
		{234F48C0-953C-4C7D-AEB2-62955CBA40C4}.Debug|x86.ActiveCfg = Debug|Any CPU
		{234F48C0-953C-4C7D-AEB2-62955CBA40C4}.Debug|x86.Build.0 = Debug|Any CPU
		{234F48C0-953C-4C7D-AEB2-62955CBA40C4}.Release|Any CPU.ActiveCfg = Release|Any CPU
		{234F48C0-953C-4C7D-AEB2-62955CBA40C4}.Release|Any CPU.Build.0 = Release|Any CPU
		{234F48C0-953C-4C7D-AEB2-62955CBA40C4}.Release|x64.ActiveCfg = Release|Any CPU
		{234F48C0-953C-4C7D-AEB2-62955CBA40C4}.Release|x64.Build.0 = Release|Any CPU
		{234F48C0-953C-4C7D-AEB2-62955CBA40C4}.Release|x86.ActiveCfg = Release|Any CPU
		{234F48C0-953C-4C7D-AEB2-62955CBA40C4}.Release|x86.Build.0 = Release|Any CPU
	EndGlobalSection
	GlobalSection(SolutionProperties) = preSolution
		HideSolutionNode = FALSE
	EndGlobalSection
	GlobalSection(NestedProjects) = preSolution
		{941C637D-357B-415E-8358-6325C919B330} = {4F52FD11-658E-A102-6CD3-7D7C16FFA15B}
		{529AAFCC-AB29-42D8-9C54-24A8D4186C3B} = {4F52FD11-658E-A102-6CD3-7D7C16FFA15B}
		{6CB24C95-5546-49AE-B34D-1E58B7CAF9F1} = {FF13A09E-0E72-1904-124B-A4E979EF28D3}
		{BAA753E7-0FFB-4232-9455-2886D944BBA0} = {FF13A09E-0E72-1904-124B-A4E979EF28D3}
		{D2355303-685D-4393-9025-5268752A5856} = {FF13A09E-0E72-1904-124B-A4E979EF28D3}
		{9A3BB702-F949-4F0A-9460-F3C453722091} = {FF13A09E-0E72-1904-124B-A4E979EF28D3}
		{9B18E86D-FFFA-4B42-9543-CE0AE668C434} = {DA5C3214-5362-D53D-7EE1-7B72DB27BE75}
		{D3EF0B36-E718-4822-8AA6-FDCC69CFCC06} = {DA5C3214-5362-D53D-7EE1-7B72DB27BE75}
		{1A5D0AE1-5C49-4AE8-AEE9-E8EE1140BB72} = {DA5C3214-5362-D53D-7EE1-7B72DB27BE75}
		{8531B1DE-21B4-4BBD-8144-A1FB667417AE} = {DA5C3214-5362-D53D-7EE1-7B72DB27BE75}
		{9682DBE8-A705-45F2-8008-8252946914A5} = {DA5C3214-5362-D53D-7EE1-7B72DB27BE75}
		{728C73B4-59C8-4B8E-BDA9-0D77D9666EF3} = {DA5C3214-5362-D53D-7EE1-7B72DB27BE75}
		{234F48C0-953C-4C7D-AEB2-62955CBA40C4} = {DA5C3214-5362-D53D-7EE1-7B72DB27BE75}
	EndGlobalSection
EndGlobal
