
Microsoft Visual Studio Solution File, Format Version 12.00
# Visual Studio Version 17
VisualStudioVersion = 17.0.31903.59
MinimumVisualStudioVersion = 10.0.40219.1
Project("{2150E333-8FDC-42A3-9474-1A3956D46DE8}") = "webapp", "webapp", "{7E50A06F-A38B-7BE7-1137-409223B8AEF0}"
EndProject
Project("{FAE04EC0-301F-11D3-BF4B-00C04F79EFBC}") = "Angor.Client", "webapp\Angor.Client\Angor.Client.csproj", "{540E79E4-2D55-467F-9875-1F64AC42F997}"
EndProject
Project("{FAE04EC0-301F-11D3-BF4B-00C04F79EFBC}") = "Angor.Shared", "shared\Angor.Shared\Angor.Shared.csproj", "{44676341-EFC2-4362-88C9-DB6ABFE63D3C}"
EndProject
Project("{FAE04EC0-301F-11D3-BF4B-00C04F79EFBC}") = "Angor.Shared.Tests", "shared\Angor.Shared.Tests\Angor.Shared.Tests.csproj", "{7795C1E7-F4A7-4456-98A9-07633F4E92E1}"
EndProject
Global
	GlobalSection(SolutionConfigurationPlatforms) = preSolution
		Debug|Any CPU = Debug|Any CPU
		Debug|x64 = Debug|x64
		Debug|x86 = Debug|x86
		Release|Any CPU = Release|Any CPU
		Release|x64 = Release|x64
		Release|x86 = Release|x86
	EndGlobalSection
	GlobalSection(ProjectConfigurationPlatforms) = postSolution
		{540E79E4-2D55-467F-9875-1F64AC42F997}.Debug|Any CPU.ActiveCfg = Debug|Any CPU
		{540E79E4-2D55-467F-9875-1F64AC42F997}.Debug|Any CPU.Build.0 = Debug|Any CPU
		{540E79E4-2D55-467F-9875-1F64AC42F997}.Debug|x64.ActiveCfg = Debug|Any CPU
		{540E79E4-2D55-467F-9875-1F64AC42F997}.Debug|x64.Build.0 = Debug|Any CPU
		{540E79E4-2D55-467F-9875-1F64AC42F997}.Debug|x86.ActiveCfg = Debug|Any CPU
		{540E79E4-2D55-467F-9875-1F64AC42F997}.Debug|x86.Build.0 = Debug|Any CPU
		{540E79E4-2D55-467F-9875-1F64AC42F997}.Release|Any CPU.ActiveCfg = Release|Any CPU
		{540E79E4-2D55-467F-9875-1F64AC42F997}.Release|Any CPU.Build.0 = Release|Any CPU
		{540E79E4-2D55-467F-9875-1F64AC42F997}.Release|x64.ActiveCfg = Release|Any CPU
		{540E79E4-2D55-467F-9875-1F64AC42F997}.Release|x64.Build.0 = Release|Any CPU
		{540E79E4-2D55-467F-9875-1F64AC42F997}.Release|x86.ActiveCfg = Release|Any CPU
		{540E79E4-2D55-467F-9875-1F64AC42F997}.Release|x86.Build.0 = Release|Any CPU
		{44676341-EFC2-4362-88C9-DB6ABFE63D3C}.Debug|Any CPU.ActiveCfg = Debug|Any CPU
		{44676341-EFC2-4362-88C9-DB6ABFE63D3C}.Debug|Any CPU.Build.0 = Debug|Any CPU
		{44676341-EFC2-4362-88C9-DB6ABFE63D3C}.Debug|x64.ActiveCfg = Debug|Any CPU
		{44676341-EFC2-4362-88C9-DB6ABFE63D3C}.Debug|x64.Build.0 = Debug|Any CPU
		{44676341-EFC2-4362-88C9-DB6ABFE63D3C}.Debug|x86.ActiveCfg = Debug|Any CPU
		{44676341-EFC2-4362-88C9-DB6ABFE63D3C}.Debug|x86.Build.0 = Debug|Any CPU
		{44676341-EFC2-4362-88C9-DB6ABFE63D3C}.Release|Any CPU.ActiveCfg = Release|Any CPU
		{44676341-EFC2-4362-88C9-DB6ABFE63D3C}.Release|Any CPU.Build.0 = Release|Any CPU
		{44676341-EFC2-4362-88C9-DB6ABFE63D3C}.Release|x64.ActiveCfg = Release|Any CPU
		{44676341-EFC2-4362-88C9-DB6ABFE63D3C}.Release|x64.Build.0 = Release|Any CPU
		{44676341-EFC2-4362-88C9-DB6ABFE63D3C}.Release|x86.ActiveCfg = Release|Any CPU
		{44676341-EFC2-4362-88C9-DB6ABFE63D3C}.Release|x86.Build.0 = Release|Any CPU
		{7795C1E7-F4A7-4456-98A9-07633F4E92E1}.Debug|Any CPU.ActiveCfg = Debug|Any CPU
		{7795C1E7-F4A7-4456-98A9-07633F4E92E1}.Debug|Any CPU.Build.0 = Debug|Any CPU
		{7795C1E7-F4A7-4456-98A9-07633F4E92E1}.Debug|x64.ActiveCfg = Debug|Any CPU
		{7795C1E7-F4A7-4456-98A9-07633F4E92E1}.Debug|x64.Build.0 = Debug|Any CPU
		{7795C1E7-F4A7-4456-98A9-07633F4E92E1}.Debug|x86.ActiveCfg = Debug|Any CPU
		{7795C1E7-F4A7-4456-98A9-07633F4E92E1}.Debug|x86.Build.0 = Debug|Any CPU
		{7795C1E7-F4A7-4456-98A9-07633F4E92E1}.Release|Any CPU.ActiveCfg = Release|Any CPU
		{7795C1E7-F4A7-4456-98A9-07633F4E92E1}.Release|Any CPU.Build.0 = Release|Any CPU
		{7795C1E7-F4A7-4456-98A9-07633F4E92E1}.Release|x64.ActiveCfg = Release|Any CPU
		{7795C1E7-F4A7-4456-98A9-07633F4E92E1}.Release|x64.Build.0 = Release|Any CPU
		{7795C1E7-F4A7-4456-98A9-07633F4E92E1}.Release|x86.ActiveCfg = Release|Any CPU
		{7795C1E7-F4A7-4456-98A9-07633F4E92E1}.Release|x86.Build.0 = Release|Any CPU
	EndGlobalSection
	GlobalSection(SolutionProperties) = preSolution
		HideSolutionNode = FALSE
	EndGlobalSection
	GlobalSection(NestedProjects) = preSolution
		{540E79E4-2D55-467F-9875-1F64AC42F997} = {7E50A06F-A38B-7BE7-1137-409223B8AEF0}
		{44676341-EFC2-4362-88C9-DB6ABFE63D3C} = {7E50A06F-A38B-7BE7-1137-409223B8AEF0}
		{7795C1E7-F4A7-4456-98A9-07633F4E92E1} = {7E50A06F-A38B-7BE7-1137-409223B8AEF0}
	EndGlobalSection
EndGlobal
